
Microsoft Visual Studio Solution File, Format Version 12.00
# Visual Studio Version 17
VisualStudioVersion = 17.6.33815.320
MinimumVisualStudioVersion = 10.0.40219.1
Project("{2150E333-8FDC-42A3-9474-1A3956D46DE8}") = "Doc", "Doc", "{C23DBAE4-CB62-4A2A-AC8D-373646EFAE49}"
EndProject
Project("{2150E333-8FDC-42A3-9474-1A3956D46DE8}") = "Test", "Test", "{456F5717-A204-4D13-9D2E-49DEF819AAFC}"
EndProject
Project("{2150E333-8FDC-42A3-9474-1A3956D46DE8}") = "Src", "Src", "{ABDBF569-D49E-4CE0-BCDE-1CA49CC54EB2}"
EndProject
Project("{FAE04EC0-301F-11D3-BF4B-00C04F79EFBC}") = "Product_Store.Domain", "Product_Store.Domain\Product_Store.Domain.csproj", "{7E6019FA-6D9C-46A8-8E55-4BF0DEFB8164}"
EndProject
Project("{FAE04EC0-301F-11D3-BF4B-00C04F79EFBC}") = "Product_Store.Application", "Product_Store.Application\Product_Store.Application.csproj", "{F48FE221-C53F-48D9-A003-9F9D81E70BF1}"
EndProject
Project("{FAE04EC0-301F-11D3-BF4B-00C04F79EFBC}") = "Product_Store.Infrastructure", "Product_Store.Infrastructure\Product_Store.Infrastructure.csproj", "{68E115B6-B712-4408-98F4-BAF8F3C53D72}"
EndProject
Project("{FAE04EC0-301F-11D3-BF4B-00C04F79EFBC}") = "Product_Store.Persistence", "Product_Store.Persistence\Product_Store.Persistence.csproj", "{3D0826B3-A72D-4CF9-92DD-6AD0A103578A}"
EndProject
Project("{2150E333-8FDC-42A3-9474-1A3956D46DE8}") = "Common", "Common", "{6647A89A-B08F-4CDF-8719-E4D3B650A0BD}"
EndProject
Project("{2150E333-8FDC-42A3-9474-1A3956D46DE8}") = "Core", "Core", "{DD9DB49C-EABD-4965-A833-6C8BCE0AE8E7}"
EndProject
Project("{2150E333-8FDC-42A3-9474-1A3956D46DE8}") = "Infrastructure", "Infrastructure", "{8B80ECC5-055A-49BE-BBD6-5DAB509CEE96}"
EndProject
Project("{2150E333-8FDC-42A3-9474-1A3956D46DE8}") = "Presentation", "Presentation", "{59FE9C98-D440-49AE-9362-0D1228574912}"
EndProject
Project("{FAE04EC0-301F-11D3-BF4B-00C04F79EFBC}") = "Product_Store.Common", "Product_Store.Common\Product_Store.Common.csproj", "{DEF180AC-EDCB-4E58-929C-658DCA1B38CE}"
EndProject
Project("{FAE04EC0-301F-11D3-BF4B-00C04F79EFBC}") = "EndPoint.Site", "EndPoint.Site\EndPoint.Site.csproj", "{607FF288-839D-498C-84B3-3A99D67DAFE5}"
EndProject
Global
	GlobalSection(SolutionConfigurationPlatforms) = preSolution
		Debug|Any CPU = Debug|Any CPU
		Release|Any CPU = Release|Any CPU
	EndGlobalSection
	GlobalSection(ProjectConfigurationPlatforms) = postSolution
		{7E6019FA-6D9C-46A8-8E55-4BF0DEFB8164}.Debug|Any CPU.ActiveCfg = Debug|Any CPU
		{7E6019FA-6D9C-46A8-8E55-4BF0DEFB8164}.Debug|Any CPU.Build.0 = Debug|Any CPU
		{7E6019FA-6D9C-46A8-8E55-4BF0DEFB8164}.Release|Any CPU.ActiveCfg = Release|Any CPU
		{7E6019FA-6D9C-46A8-8E55-4BF0DEFB8164}.Release|Any CPU.Build.0 = Release|Any CPU
		{F48FE221-C53F-48D9-A003-9F9D81E70BF1}.Debug|Any CPU.ActiveCfg = Debug|Any CPU
		{F48FE221-C53F-48D9-A003-9F9D81E70BF1}.Debug|Any CPU.Build.0 = Debug|Any CPU
		{F48FE221-C53F-48D9-A003-9F9D81E70BF1}.Release|Any CPU.ActiveCfg = Release|Any CPU
		{F48FE221-C53F-48D9-A003-9F9D81E70BF1}.Release|Any CPU.Build.0 = Release|Any CPU
		{68E115B6-B712-4408-98F4-BAF8F3C53D72}.Debug|Any CPU.ActiveCfg = Debug|Any CPU
		{68E115B6-B712-4408-98F4-BAF8F3C53D72}.Debug|Any CPU.Build.0 = Debug|Any CPU
		{68E115B6-B712-4408-98F4-BAF8F3C53D72}.Release|Any CPU.ActiveCfg = Release|Any CPU
		{68E115B6-B712-4408-98F4-BAF8F3C53D72}.Release|Any CPU.Build.0 = Release|Any CPU
		{3D0826B3-A72D-4CF9-92DD-6AD0A103578A}.Debug|Any CPU.ActiveCfg = Debug|Any CPU
		{3D0826B3-A72D-4CF9-92DD-6AD0A103578A}.Debug|Any CPU.Build.0 = Debug|Any CPU
		{3D0826B3-A72D-4CF9-92DD-6AD0A103578A}.Release|Any CPU.ActiveCfg = Release|Any CPU
		{3D0826B3-A72D-4CF9-92DD-6AD0A103578A}.Release|Any CPU.Build.0 = Release|Any CPU
		{DEF180AC-EDCB-4E58-929C-658DCA1B38CE}.Debug|Any CPU.ActiveCfg = Debug|Any CPU
		{DEF180AC-EDCB-4E58-929C-658DCA1B38CE}.Debug|Any CPU.Build.0 = Debug|Any CPU
		{DEF180AC-EDCB-4E58-929C-658DCA1B38CE}.Release|Any CPU.ActiveCfg = Release|Any CPU
		{DEF180AC-EDCB-4E58-929C-658DCA1B38CE}.Release|Any CPU.Build.0 = Release|Any CPU
		{607FF288-839D-498C-84B3-3A99D67DAFE5}.Debug|Any CPU.ActiveCfg = Debug|Any CPU
		{607FF288-839D-498C-84B3-3A99D67DAFE5}.Debug|Any CPU.Build.0 = Debug|Any CPU
		{607FF288-839D-498C-84B3-3A99D67DAFE5}.Release|Any CPU.ActiveCfg = Release|Any CPU
		{607FF288-839D-498C-84B3-3A99D67DAFE5}.Release|Any CPU.Build.0 = Release|Any CPU
	EndGlobalSection
	GlobalSection(SolutionProperties) = preSolution
		HideSolutionNode = FALSE
	EndGlobalSection
	GlobalSection(NestedProjects) = preSolution
		{7E6019FA-6D9C-46A8-8E55-4BF0DEFB8164} = {DD9DB49C-EABD-4965-A833-6C8BCE0AE8E7}
		{F48FE221-C53F-48D9-A003-9F9D81E70BF1} = {DD9DB49C-EABD-4965-A833-6C8BCE0AE8E7}
		{68E115B6-B712-4408-98F4-BAF8F3C53D72} = {8B80ECC5-055A-49BE-BBD6-5DAB509CEE96}
		{3D0826B3-A72D-4CF9-92DD-6AD0A103578A} = {8B80ECC5-055A-49BE-BBD6-5DAB509CEE96}
		{6647A89A-B08F-4CDF-8719-E4D3B650A0BD} = {ABDBF569-D49E-4CE0-BCDE-1CA49CC54EB2}
		{DD9DB49C-EABD-4965-A833-6C8BCE0AE8E7} = {ABDBF569-D49E-4CE0-BCDE-1CA49CC54EB2}
		{8B80ECC5-055A-49BE-BBD6-5DAB509CEE96} = {ABDBF569-D49E-4CE0-BCDE-1CA49CC54EB2}
		{59FE9C98-D440-49AE-9362-0D1228574912} = {ABDBF569-D49E-4CE0-BCDE-1CA49CC54EB2}
		{DEF180AC-EDCB-4E58-929C-658DCA1B38CE} = {6647A89A-B08F-4CDF-8719-E4D3B650A0BD}
		{607FF288-839D-498C-84B3-3A99D67DAFE5} = {59FE9C98-D440-49AE-9362-0D1228574912}
	EndGlobalSection
	GlobalSection(ExtensibilityGlobals) = postSolution
		SolutionGuid = {F3549173-EB14-48E8-8345-1960431A0307}
	EndGlobalSection
EndGlobal
